// !$*UTF8*$!
{
	archiveVersion = 1;
	classes = {
	};
	objectVersion = 55;
	objects = {

/* Begin PBXBuildFile section */
		E929C2C627F989AD00047953 /* NetflixCloneApp.swift in Sources */ = {isa = PBXBuildFile; fileRef = E929C2C527F989AD00047953 /* NetflixCloneApp.swift */; };
		E929C2C827F989AD00047953 /* ContentView.swift in Sources */ = {isa = PBXBuildFile; fileRef = E929C2C727F989AD00047953 /* ContentView.swift */; };
		E929C2CA27F989AD00047953 /* Assets.xcassets in Resources */ = {isa = PBXBuildFile; fileRef = E929C2C927F989AD00047953 /* Assets.xcassets */; };
		E929C2CD27F989AD00047953 /* Preview Assets.xcassets in Resources */ = {isa = PBXBuildFile; fileRef = E929C2CC27F989AD00047953 /* Preview Assets.xcassets */; };
		E9453E5C2831BE4A00B521F4 /* HomeView.swift in Sources */ = {isa = PBXBuildFile; fileRef = E9453E5B2831BE4A00B521F4 /* HomeView.swift */; };
		E9453E612831C09E00B521F4 /* Kingfisher in Frameworks */ = {isa = PBXBuildFile; productRef = E9453E602831C09E00B521F4 /* Kingfisher */; };
		E9453E652831C1D100B521F4 /* Movie.swift in Sources */ = {isa = PBXBuildFile; fileRef = E9453E642831C1D100B521F4 /* Movie.swift */; };
		E9453E692831C2A300B521F4 /* StandardHomeMovie.swift in Sources */ = {isa = PBXBuildFile; fileRef = E9453E682831C2A300B521F4 /* StandardHomeMovie.swift */; };
		E9453E6C2831C31700B521F4 /* GlobalHelper.swift in Sources */ = {isa = PBXBuildFile; fileRef = E9453E6B2831C31700B521F4 /* GlobalHelper.swift */; };
		E9453E6E2831CD3700B521F4 /* HomeViewModel.swift in Sources */ = {isa = PBXBuildFile; fileRef = E9453E6D2831CD3700B521F4 /* HomeViewModel.swift */; };
		E9453E702831D78900B521F4 /* TopMoviePreview.swift in Sources */ = {isa = PBXBuildFile; fileRef = E9453E6F2831D78900B521F4 /* TopMoviePreview.swift */; };
		E9453E722831DD9500B521F4 /* LocalMovie.swift in Sources */ = {isa = PBXBuildFile; fileRef = E9453E712831DD9500B521F4 /* LocalMovie.swift */; };
/* End PBXBuildFile section */

/* Begin PBXFileReference section */
		E929C2C227F989AD00047953 /* NetflixClone.app */ = {isa = PBXFileReference; explicitFileType = wrapper.application; includeInIndex = 0; path = NetflixClone.app; sourceTree = BUILT_PRODUCTS_DIR; };
		E929C2C527F989AD00047953 /* NetflixCloneApp.swift */ = {isa = PBXFileReference; lastKnownFileType = sourcecode.swift; path = NetflixCloneApp.swift; sourceTree = "<group>"; };
		E929C2C727F989AD00047953 /* ContentView.swift */ = {isa = PBXFileReference; lastKnownFileType = sourcecode.swift; path = ContentView.swift; sourceTree = "<group>"; };
		E929C2C927F989AD00047953 /* Assets.xcassets */ = {isa = PBXFileReference; lastKnownFileType = folder.assetcatalog; path = Assets.xcassets; sourceTree = "<group>"; };
		E929C2CC27F989AD00047953 /* Preview Assets.xcassets */ = {isa = PBXFileReference; lastKnownFileType = folder.assetcatalog; path = "Preview Assets.xcassets"; sourceTree = "<group>"; };
		E9453E5B2831BE4A00B521F4 /* HomeView.swift */ = {isa = PBXFileReference; lastKnownFileType = sourcecode.swift; path = HomeView.swift; sourceTree = "<group>"; };
		E9453E642831C1D100B521F4 /* Movie.swift */ = {isa = PBXFileReference; lastKnownFileType = sourcecode.swift; path = Movie.swift; sourceTree = "<group>"; };
		E9453E682831C2A300B521F4 /* StandardHomeMovie.swift */ = {isa = PBXFileReference; lastKnownFileType = sourcecode.swift; path = StandardHomeMovie.swift; sourceTree = "<group>"; };
		E9453E6B2831C31700B521F4 /* GlobalHelper.swift */ = {isa = PBXFileReference; lastKnownFileType = sourcecode.swift; path = GlobalHelper.swift; sourceTree = "<group>"; };
		E9453E6D2831CD3700B521F4 /* HomeViewModel.swift */ = {isa = PBXFileReference; lastKnownFileType = sourcecode.swift; path = HomeViewModel.swift; sourceTree = "<group>"; };
		E9453E6F2831D78900B521F4 /* TopMoviePreview.swift */ = {isa = PBXFileReference; lastKnownFileType = sourcecode.swift; path = TopMoviePreview.swift; sourceTree = "<group>"; };
		E9453E712831DD9500B521F4 /* LocalMovie.swift */ = {isa = PBXFileReference; lastKnownFileType = sourcecode.swift; path = LocalMovie.swift; sourceTree = "<group>"; };
/* End PBXFileReference section */

/* Begin PBXFrameworksBuildPhase section */
		E929C2BF27F989AD00047953 /* Frameworks */ = {
			isa = PBXFrameworksBuildPhase;
			buildActionMask = 2147483647;
			files = (
				E9453E612831C09E00B521F4 /* Kingfisher in Frameworks */,
			);
			runOnlyForDeploymentPostprocessing = 0;
		};
/* End PBXFrameworksBuildPhase section */

/* Begin PBXGroup section */
		E929C2B927F989AD00047953 = {
			isa = PBXGroup;
			children = (
				E929C2C427F989AD00047953 /* NetflixClone */,
				E929C2C327F989AD00047953 /* Products */,
			);
			sourceTree = "<group>";
		};
		E929C2C327F989AD00047953 /* Products */ = {
			isa = PBXGroup;
			children = (
				E929C2C227F989AD00047953 /* NetflixClone.app */,
			);
			name = Products;
			sourceTree = "<group>";
		};
		E929C2C427F989AD00047953 /* NetflixClone */ = {
			isa = PBXGroup;
			children = (
				E9453E552831BD6100B521F4 /* App */,
				E9453E562831BD6800B521F4 /* Data */,
				E9453E572831BD7600B521F4 /* Presentation */,
				E9453E582831BD8100B521F4 /* Resources */,
				E929C2CB27F989AD00047953 /* Preview Content */,
			);
			path = NetflixClone;
			sourceTree = "<group>";
		};
		E929C2CB27F989AD00047953 /* Preview Content */ = {
			isa = PBXGroup;
			children = (
				E929C2CC27F989AD00047953 /* Preview Assets.xcassets */,
			);
			path = "Preview Content";
			sourceTree = "<group>";
		};
		E9453E552831BD6100B521F4 /* App */ = {
			isa = PBXGroup;
			children = (
				E929C2C527F989AD00047953 /* NetflixCloneApp.swift */,
			);
			path = App;
			sourceTree = "<group>";
		};
		E9453E562831BD6800B521F4 /* Data */ = {
			isa = PBXGroup;
			children = (
				E9453E5E2831BE6600B521F4 /* Local */,
				E9453E5D2831BE5D00B521F4 /* Remote */,
			);
			path = Data;
			sourceTree = "<group>";
		};
		E9453E572831BD7600B521F4 /* Presentation */ = {
			isa = PBXGroup;
			children = (
				E9453E592831BDA800B521F4 /* MainView */,
				E9453E5A2831BE1500B521F4 /* HomeViews */,
				E9453E6A2831C2FD00B521F4 /* Helper */,
			);
			path = Presentation;
			sourceTree = "<group>";
		};
		E9453E582831BD8100B521F4 /* Resources */ = {
			isa = PBXGroup;
			children = (
				E929C2C927F989AD00047953 /* Assets.xcassets */,
			);
			path = Resources;
			sourceTree = "<group>";
		};
		E9453E592831BDA800B521F4 /* MainView */ = {
			isa = PBXGroup;
			children = (
				E929C2C727F989AD00047953 /* ContentView.swift */,
			);
			path = MainView;
			sourceTree = "<group>";
		};
		E9453E5A2831BE1500B521F4 /* HomeViews */ = {
			isa = PBXGroup;
			children = (
				E9453E5B2831BE4A00B521F4 /* HomeView.swift */,
				E9453E682831C2A300B521F4 /* StandardHomeMovie.swift */,
				E9453E6D2831CD3700B521F4 /* HomeViewModel.swift */,
				E9453E6F2831D78900B521F4 /* TopMoviePreview.swift */,
			);
			path = HomeViews;
			sourceTree = "<group>";
		};
		E9453E5D2831BE5D00B521F4 /* Remote */ = {
			isa = PBXGroup;
			children = (
				E9453E642831C1D100B521F4 /* Movie.swift */,
			);
			path = Remote;
			sourceTree = "<group>";
		};
		E9453E5E2831BE6600B521F4 /* Local */ = {
			isa = PBXGroup;
			children = (
				E9453E712831DD9500B521F4 /* LocalMovie.swift */,
			);
			path = Local;
			sourceTree = "<group>";
		};
		E9453E6A2831C2FD00B521F4 /* Helper */ = {
			isa = PBXGroup;
			children = (
				E9453E6B2831C31700B521F4 /* GlobalHelper.swift */,
			);
			path = Helper;
			sourceTree = "<group>";
		};
/* End PBXGroup section */

/* Begin PBXNativeTarget section */
		E929C2C127F989AD00047953 /* NetflixClone */ = {
			isa = PBXNativeTarget;
			buildConfigurationList = E929C2D027F989AD00047953 /* Build configuration list for PBXNativeTarget "NetflixClone" */;
			buildPhases = (
				E929C2BE27F989AD00047953 /* Sources */,
				E929C2BF27F989AD00047953 /* Frameworks */,
				E929C2C027F989AD00047953 /* Resources */,
			);
			buildRules = (
			);
			dependencies = (
			);
			name = NetflixClone;
			packageProductDependencies = (
				E9453E602831C09E00B521F4 /* Kingfisher */,
			);
			productName = NetflixClone;
			productReference = E929C2C227F989AD00047953 /* NetflixClone.app */;
			productType = "com.apple.product-type.application";
		};
/* End PBXNativeTarget section */

/* Begin PBXProject section */
		E929C2BA27F989AD00047953 /* Project object */ = {
			isa = PBXProject;
			attributes = {
				BuildIndependentTargetsInParallel = 1;
				LastSwiftUpdateCheck = 1320;
				LastUpgradeCheck = 1320;
				TargetAttributes = {
					E929C2C127F989AD00047953 = {
						CreatedOnToolsVersion = 13.2.1;
					};
				};
			};
			buildConfigurationList = E929C2BD27F989AD00047953 /* Build configuration list for PBXProject "NetflixClone" */;
			compatibilityVersion = "Xcode 13.0";
			developmentRegion = en;
			hasScannedForEncodings = 0;
			knownRegions = (
				en,
				Base,
			);
			mainGroup = E929C2B927F989AD00047953;
			packageReferences = (
				E9453E5F2831C09E00B521F4 /* XCRemoteSwiftPackageReference "Kingfisher" */,
			);
			productRefGroup = E929C2C327F989AD00047953 /* Products */;
			projectDirPath = "";
			projectRoot = "";
			targets = (
				E929C2C127F989AD00047953 /* NetflixClone */,
			);
		};
/* End PBXProject section */

/* Begin PBXResourcesBuildPhase section */
		E929C2C027F989AD00047953 /* Resources */ = {
			isa = PBXResourcesBuildPhase;
			buildActionMask = 2147483647;
			files = (
				E929C2CD27F989AD00047953 /* Preview Assets.xcassets in Resources */,
				E929C2CA27F989AD00047953 /* Assets.xcassets in Resources */,
			);
			runOnlyForDeploymentPostprocessing = 0;
		};
/* End PBXResourcesBuildPhase section */

/* Begin PBXSourcesBuildPhase section */
		E929C2BE27F989AD00047953 /* Sources */ = {
			isa = PBXSourcesBuildPhase;
			buildActionMask = 2147483647;
			files = (
				E9453E6C2831C31700B521F4 /* GlobalHelper.swift in Sources */,
				E9453E5C2831BE4A00B521F4 /* HomeView.swift in Sources */,
				E9453E6E2831CD3700B521F4 /* HomeViewModel.swift in Sources */,
				E929C2C827F989AD00047953 /* ContentView.swift in Sources */,
				E9453E692831C2A300B521F4 /* StandardHomeMovie.swift in Sources */,
				E9453E702831D78900B521F4 /* TopMoviePreview.swift in Sources */,
				E9453E652831C1D100B521F4 /* Movie.swift in Sources */,
				E929C2C627F989AD00047953 /* NetflixCloneApp.swift in Sources */,
				E9453E722831DD9500B521F4 /* LocalMovie.swift in Sources */,
			);
			runOnlyForDeploymentPostprocessing = 0;
		};
/* End PBXSourcesBuildPhase section */

/* Begin XCBuildConfiguration section */
		E929C2CE27F989AD00047953 /* Debug */ = {
			isa = XCBuildConfiguration;
			buildSettings = {
				ALWAYS_SEARCH_USER_PATHS = NO;
				CLANG_ANALYZER_NONNULL = YES;
				CLANG_ANALYZER_NUMBER_OBJECT_CONVERSION = YES_AGGRESSIVE;
				CLANG_CXX_LANGUAGE_STANDARD = "gnu++17";
				CLANG_CXX_LIBRARY = "libc++";
				CLANG_ENABLE_MODULES = YES;
				CLANG_ENABLE_OBJC_ARC = YES;
				CLANG_ENABLE_OBJC_WEAK = YES;
				CLANG_WARN_BLOCK_CAPTURE_AUTORELEASING = YES;
				CLANG_WARN_BOOL_CONVERSION = YES;
				CLANG_WARN_COMMA = YES;
				CLANG_WARN_CONSTANT_CONVERSION = YES;
				CLANG_WARN_DEPRECATED_OBJC_IMPLEMENTATIONS = YES;
				CLANG_WARN_DIRECT_OBJC_ISA_USAGE = YES_ERROR;
				CLANG_WARN_DOCUMENTATION_COMMENTS = YES;
				CLANG_WARN_EMPTY_BODY = YES;
				CLANG_WARN_ENUM_CONVERSION = YES;
				CLANG_WARN_INFINITE_RECURSION = YES;
				CLANG_WARN_INT_CONVERSION = YES;
				CLANG_WARN_NON_LITERAL_NULL_CONVERSION = YES;
				CLANG_WARN_OBJC_IMPLICIT_RETAIN_SELF = YES;
				CLANG_WARN_OBJC_LITERAL_CONVERSION = YES;
				CLANG_WARN_OBJC_ROOT_CLASS = YES_ERROR;
				CLANG_WARN_QUOTED_INCLUDE_IN_FRAMEWORK_HEADER = YES;
				CLANG_WARN_RANGE_LOOP_ANALYSIS = YES;
				CLANG_WARN_STRICT_PROTOTYPES = YES;
				CLANG_WARN_SUSPICIOUS_MOVE = YES;
				CLANG_WARN_UNGUARDED_AVAILABILITY = YES_AGGRESSIVE;
				CLANG_WARN_UNREACHABLE_CODE = YES;
				CLANG_WARN__DUPLICATE_METHOD_MATCH = YES;
				COPY_PHASE_STRIP = NO;
				DEBUG_INFORMATION_FORMAT = dwarf;
				ENABLE_STRICT_OBJC_MSGSEND = YES;
				ENABLE_TESTABILITY = YES;
				GCC_C_LANGUAGE_STANDARD = gnu11;
				GCC_DYNAMIC_NO_PIC = NO;
				GCC_NO_COMMON_BLOCKS = YES;
				GCC_OPTIMIZATION_LEVEL = 0;
				GCC_PREPROCESSOR_DEFINITIONS = (
					"DEBUG=1",
					"$(inherited)",
				);
				GCC_WARN_64_TO_32_BIT_CONVERSION = YES;
				GCC_WARN_ABOUT_RETURN_TYPE = YES_ERROR;
				GCC_WARN_UNDECLARED_SELECTOR = YES;
				GCC_WARN_UNINITIALIZED_AUTOS = YES_AGGRESSIVE;
				GCC_WARN_UNUSED_FUNCTION = YES;
				GCC_WARN_UNUSED_VARIABLE = YES;
				IPHONEOS_DEPLOYMENT_TARGET = 15.2;
				MTL_ENABLE_DEBUG_INFO = INCLUDE_SOURCE;
				MTL_FAST_MATH = YES;
				ONLY_ACTIVE_ARCH = YES;
				SDKROOT = iphoneos;
				SWIFT_ACTIVE_COMPILATION_CONDITIONS = DEBUG;
				SWIFT_OPTIMIZATION_LEVEL = "-Onone";
			};
			name = Debug;
		};
		E929C2CF27F989AD00047953 /* Release */ = {
			isa = XCBuildConfiguration;
			buildSettings = {
				ALWAYS_SEARCH_USER_PATHS = NO;
				CLANG_ANALYZER_NONNULL = YES;
				CLANG_ANALYZER_NUMBER_OBJECT_CONVERSION = YES_AGGRESSIVE;
				CLANG_CXX_LANGUAGE_STANDARD = "gnu++17";
				CLANG_CXX_LIBRARY = "libc++";
				CLANG_ENABLE_MODULES = YES;
				CLANG_ENABLE_OBJC_ARC = YES;
				CLANG_ENABLE_OBJC_WEAK = YES;
				CLANG_WARN_BLOCK_CAPTURE_AUTORELEASING = YES;
				CLANG_WARN_BOOL_CONVERSION = YES;
				CLANG_WARN_COMMA = YES;
				CLANG_WARN_CONSTANT_CONVERSION = YES;
				CLANG_WARN_DEPRECATED_OBJC_IMPLEMENTATIONS = YES;
				CLANG_WARN_DIRECT_OBJC_ISA_USAGE = YES_ERROR;
				CLANG_WARN_DOCUMENTATION_COMMENTS = YES;
				CLANG_WARN_EMPTY_BODY = YES;
				CLANG_WARN_ENUM_CONVERSION = YES;
				CLANG_WARN_INFINITE_RECURSION = YES;
				CLANG_WARN_INT_CONVERSION = YES;
				CLANG_WARN_NON_LITERAL_NULL_CONVERSION = YES;
				CLANG_WARN_OBJC_IMPLICIT_RETAIN_SELF = YES;
				CLANG_WARN_OBJC_LITERAL_CONVERSION = YES;
				CLANG_WARN_OBJC_ROOT_CLASS = YES_ERROR;
				CLANG_WARN_QUOTED_INCLUDE_IN_FRAMEWORK_HEADER = YES;
				CLANG_WARN_RANGE_LOOP_ANALYSIS = YES;
				CLANG_WARN_STRICT_PROTOTYPES = YES;
				CLANG_WARN_SUSPICIOUS_MOVE = YES;
				CLANG_WARN_UNGUARDED_AVAILABILITY = YES_AGGRESSIVE;
				CLANG_WARN_UNREACHABLE_CODE = YES;
				CLANG_WARN__DUPLICATE_METHOD_MATCH = YES;
				COPY_PHASE_STRIP = NO;
				DEBUG_INFORMATION_FORMAT = "dwarf-with-dsym";
				ENABLE_NS_ASSERTIONS = NO;
				ENABLE_STRICT_OBJC_MSGSEND = YES;
				GCC_C_LANGUAGE_STANDARD = gnu11;
				GCC_NO_COMMON_BLOCKS = YES;
				GCC_WARN_64_TO_32_BIT_CONVERSION = YES;
				GCC_WARN_ABOUT_RETURN_TYPE = YES_ERROR;
				GCC_WARN_UNDECLARED_SELECTOR = YES;
				GCC_WARN_UNINITIALIZED_AUTOS = YES_AGGRESSIVE;
				GCC_WARN_UNUSED_FUNCTION = YES;
				GCC_WARN_UNUSED_VARIABLE = YES;
				IPHONEOS_DEPLOYMENT_TARGET = 15.2;
				MTL_ENABLE_DEBUG_INFO = NO;
				MTL_FAST_MATH = YES;
				SDKROOT = iphoneos;
				SWIFT_COMPILATION_MODE = wholemodule;
				SWIFT_OPTIMIZATION_LEVEL = "-O";
				VALIDATE_PRODUCT = YES;
			};
			name = Release;
		};
		E929C2D127F989AD00047953 /* Debug */ = {
			isa = XCBuildConfiguration;
			buildSettings = {
				ASSETCATALOG_COMPILER_APPICON_NAME = AppIcon;
				ASSETCATALOG_COMPILER_GLOBAL_ACCENT_COLOR_NAME = AccentColor;
				CODE_SIGN_STYLE = Automatic;
				CURRENT_PROJECT_VERSION = 1;
				DEVELOPMENT_ASSET_PATHS = "\"NetflixClone/Preview Content\"";
				DEVELOPMENT_TEAM = Q6JT9SDQN5;
				ENABLE_PREVIEWS = YES;
				GENERATE_INFOPLIST_FILE = YES;
				INFOPLIST_KEY_UIApplicationSceneManifest_Generation = YES;
				INFOPLIST_KEY_UIApplicationSupportsIndirectInputEvents = YES;
				INFOPLIST_KEY_UILaunchScreen_Generation = YES;
				INFOPLIST_KEY_UISupportedInterfaceOrientations_iPad = "UIInterfaceOrientationPortrait UIInterfaceOrientationPortraitUpsideDown UIInterfaceOrientationLandscapeLeft UIInterfaceOrientationLandscapeRight";
				INFOPLIST_KEY_UISupportedInterfaceOrientations_iPhone = "UIInterfaceOrientationPortrait UIInterfaceOrientationLandscapeLeft UIInterfaceOrientationLandscapeRight";
				LD_RUNPATH_SEARCH_PATHS = (
					"$(inherited)",
					"@executable_path/Frameworks",
				);
				MARKETING_VERSION = 1.0;
				PRODUCT_BUNDLE_IDENTIFIER = com.dimas.NetflixClone;
				PRODUCT_NAME = "$(TARGET_NAME)";
				SWIFT_EMIT_LOC_STRINGS = YES;
				SWIFT_VERSION = 5.0;
				TARGETED_DEVICE_FAMILY = "1,2";
			};
			name = Debug;
		};
		E929C2D227F989AD00047953 /* Release */ = {
			isa = XCBuildConfiguration;
			buildSettings = {
				ASSETCATALOG_COMPILER_APPICON_NAME = AppIcon;
				ASSETCATALOG_COMPILER_GLOBAL_ACCENT_COLOR_NAME = AccentColor;
				CODE_SIGN_STYLE = Automatic;
				CURRENT_PROJECT_VERSION = 1;
				DEVELOPMENT_ASSET_PATHS = "\"NetflixClone/Preview Content\"";
				DEVELOPMENT_TEAM = Q6JT9SDQN5;
				ENABLE_PREVIEWS = YES;
				GENERATE_INFOPLIST_FILE = YES;
				INFOPLIST_KEY_UIApplicationSceneManifest_Generation = YES;
				INFOPLIST_KEY_UIApplicationSupportsIndirectInputEvents = YES;
				INFOPLIST_KEY_UILaunchScreen_Generation = YES;
				INFOPLIST_KEY_UISupportedInterfaceOrientations_iPad = "UIInterfaceOrientationPortrait UIInterfaceOrientationPortraitUpsideDown UIInterfaceOrientationLandscapeLeft UIInterfaceOrientationLandscapeRight";
				INFOPLIST_KEY_UISupportedInterfaceOrientations_iPhone = "UIInterfaceOrientationPortrait UIInterfaceOrientationLandscapeLeft UIInterfaceOrientationLandscapeRight";
				LD_RUNPATH_SEARCH_PATHS = (
					"$(inherited)",
					"@executable_path/Frameworks",
				);
				MARKETING_VERSION = 1.0;
				PRODUCT_BUNDLE_IDENTIFIER = com.dimas.NetflixClone;
				PRODUCT_NAME = "$(TARGET_NAME)";
				SWIFT_EMIT_LOC_STRINGS = YES;
				SWIFT_VERSION = 5.0;
				TARGETED_DEVICE_FAMILY = "1,2";
			};
			name = Release;
		};
/* End XCBuildConfiguration section */

/* Begin XCConfigurationList section */
		E929C2BD27F989AD00047953 /* Build configuration list for PBXProject "NetflixClone" */ = {
			isa = XCConfigurationList;
			buildConfigurations = (
				E929C2CE27F989AD00047953 /* Debug */,
				E929C2CF27F989AD00047953 /* Release */,
			);
			defaultConfigurationIsVisible = 0;
			defaultConfigurationName = Release;
		};
		E929C2D027F989AD00047953 /* Build configuration list for PBXNativeTarget "NetflixClone" */ = {
			isa = XCConfigurationList;
			buildConfigurations = (
				E929C2D127F989AD00047953 /* Debug */,
				E929C2D227F989AD00047953 /* Release */,
			);
			defaultConfigurationIsVisible = 0;
			defaultConfigurationName = Release;
		};
/* End XCConfigurationList section */

/* Begin XCRemoteSwiftPackageReference section */
		E9453E5F2831C09E00B521F4 /* XCRemoteSwiftPackageReference "Kingfisher" */ = {
			isa = XCRemoteSwiftPackageReference;
			repositoryURL = "https://github.com/onevcat/Kingfisher.git";
			requirement = {
				kind = upToNextMajorVersion;
				minimumVersion = 7.0.0;
			};
		};
/* End XCRemoteSwiftPackageReference section */

/* Begin XCSwiftPackageProductDependency section */
		E9453E602831C09E00B521F4 /* Kingfisher */ = {
			isa = XCSwiftPackageProductDependency;
			package = E9453E5F2831C09E00B521F4 /* XCRemoteSwiftPackageReference "Kingfisher" */;
			productName = Kingfisher;
		};
/* End XCSwiftPackageProductDependency section */
	};
	rootObject = E929C2BA27F989AD00047953 /* Project object */;
}
